
Microsoft Visual Studio Solution File, Format Version 12.00
# Visual Studio Version 16
VisualStudioVersion = 16.0.29418.71
MinimumVisualStudioVersion = 10.0.40219.1
Project("{FAE04EC0-301F-11D3-BF4B-00C04F79EFBC}") = "BookStore", "BookStore\BookStore.csproj", "{0661EFF5-5D01-4603-8D58-80642E099DA9}"
EndProject
Global
	GlobalSection(SolutionConfigurationPlatforms) = preSolution
		Debug|Any CPU = Debug|Any CPU
		Release|Any CPU = Release|Any CPU
	EndGlobalSection
	GlobalSection(ProjectConfigurationPlatforms) = postSolution
		{0661EFF5-5D01-4603-8D58-80642E099DA9}.Debug|Any CPU.ActiveCfg = Debug|Any CPU
		{0661EFF5-5D01-4603-8D58-80642E099DA9}.Debug|Any CPU.Build.0 = Debug|Any CPU
		{0661EFF5-5D01-4603-8D58-80642E099DA9}.Release|Any CPU.ActiveCfg = Release|Any CPU
		{0661EFF5-5D01-4603-8D58-80642E099DA9}.Release|Any CPU.Build.0 = Release|Any CPU
	EndGlobalSection
	GlobalSection(SolutionProperties) = preSolution
		HideSolutionNode = FALSE
	EndGlobalSection
	GlobalSection(ExtensibilityGlobals) = postSolution
		SolutionGuid = {3278DEC5-4750-4BAB-B160-EDB5DB44E5AF}
	EndGlobalSection
EndGlobal
